
Microsoft Visual Studio Solution File, Format Version 12.00
# Visual Studio 15
VisualStudioVersion = 15.0.26124.0
MinimumVisualStudioVersion = 15.0.26124.0
Project("{2150E333-8FDC-42A3-9474-1A3956D46DE8}") = "src", "src", "{F2D93F61-DBF4-46FA-8F46-55F215091DD0}"
EndProject
Project("{FAE04EC0-301F-11D3-BF4B-00C04F79EFBC}") = "OperationResult.NinjaWars", "src\OperationResult.NinjaWars\OperationResult.NinjaWars.csproj", "{3E26B24F-E710-4961-8DCE-4F5E161EF64E}"
EndProject
Project("{2150E333-8FDC-42A3-9474-1A3956D46DE8}") = "test", "test", "{700C2890-8476-4D6D-AA8F-484BD181ECDC}"
EndProject
Project("{FAE04EC0-301F-11D3-BF4B-00C04F79EFBC}") = "OperationResult.NinjaWars.Tests", "test\OperationResult.NinjaWars.Tests\OperationResult.NinjaWars.Tests.csproj", "{EDC9B0FE-CC1C-4659-9B7A-4B07713528AE}"
EndProject
Global
	GlobalSection(SolutionConfigurationPlatforms) = preSolution
		Debug|Any CPU = Debug|Any CPU
		Debug|x64 = Debug|x64
		Debug|x86 = Debug|x86
		Release|Any CPU = Release|Any CPU
		Release|x64 = Release|x64
		Release|x86 = Release|x86
	EndGlobalSection
	GlobalSection(SolutionProperties) = preSolution
		HideSolutionNode = FALSE
	EndGlobalSection
	GlobalSection(ProjectConfigurationPlatforms) = postSolution
		{3E26B24F-E710-4961-8DCE-4F5E161EF64E}.Debug|Any CPU.ActiveCfg = Debug|Any CPU
		{3E26B24F-E710-4961-8DCE-4F5E161EF64E}.Debug|Any CPU.Build.0 = Debug|Any CPU
		{3E26B24F-E710-4961-8DCE-4F5E161EF64E}.Debug|x64.ActiveCfg = Debug|x64
		{3E26B24F-E710-4961-8DCE-4F5E161EF64E}.Debug|x64.Build.0 = Debug|x64
		{3E26B24F-E710-4961-8DCE-4F5E161EF64E}.Debug|x86.ActiveCfg = Debug|x86
		{3E26B24F-E710-4961-8DCE-4F5E161EF64E}.Debug|x86.Build.0 = Debug|x86
		{3E26B24F-E710-4961-8DCE-4F5E161EF64E}.Release|Any CPU.ActiveCfg = Release|Any CPU
		{3E26B24F-E710-4961-8DCE-4F5E161EF64E}.Release|Any CPU.Build.0 = Release|Any CPU
		{3E26B24F-E710-4961-8DCE-4F5E161EF64E}.Release|x64.ActiveCfg = Release|x64
		{3E26B24F-E710-4961-8DCE-4F5E161EF64E}.Release|x64.Build.0 = Release|x64
		{3E26B24F-E710-4961-8DCE-4F5E161EF64E}.Release|x86.ActiveCfg = Release|x86
		{3E26B24F-E710-4961-8DCE-4F5E161EF64E}.Release|x86.Build.0 = Release|x86
		{EDC9B0FE-CC1C-4659-9B7A-4B07713528AE}.Debug|Any CPU.ActiveCfg = Debug|Any CPU
		{EDC9B0FE-CC1C-4659-9B7A-4B07713528AE}.Debug|Any CPU.Build.0 = Debug|Any CPU
		{EDC9B0FE-CC1C-4659-9B7A-4B07713528AE}.Debug|x64.ActiveCfg = Debug|x64
		{EDC9B0FE-CC1C-4659-9B7A-4B07713528AE}.Debug|x64.Build.0 = Debug|x64
		{EDC9B0FE-CC1C-4659-9B7A-4B07713528AE}.Debug|x86.ActiveCfg = Debug|x86
		{EDC9B0FE-CC1C-4659-9B7A-4B07713528AE}.Debug|x86.Build.0 = Debug|x86
		{EDC9B0FE-CC1C-4659-9B7A-4B07713528AE}.Release|Any CPU.ActiveCfg = Release|Any CPU
		{EDC9B0FE-CC1C-4659-9B7A-4B07713528AE}.Release|Any CPU.Build.0 = Release|Any CPU
		{EDC9B0FE-CC1C-4659-9B7A-4B07713528AE}.Release|x64.ActiveCfg = Release|x64
		{EDC9B0FE-CC1C-4659-9B7A-4B07713528AE}.Release|x64.Build.0 = Release|x64
		{EDC9B0FE-CC1C-4659-9B7A-4B07713528AE}.Release|x86.ActiveCfg = Release|x86
		{EDC9B0FE-CC1C-4659-9B7A-4B07713528AE}.Release|x86.Build.0 = Release|x86
	EndGlobalSection
	GlobalSection(NestedProjects) = preSolution
		{3E26B24F-E710-4961-8DCE-4F5E161EF64E} = {F2D93F61-DBF4-46FA-8F46-55F215091DD0}
		{EDC9B0FE-CC1C-4659-9B7A-4B07713528AE} = {700C2890-8476-4D6D-AA8F-484BD181ECDC}
	EndGlobalSection
EndGlobal
