
Microsoft Visual Studio Solution File, Format Version 12.00
# Visual Studio 15
VisualStudioVersion = 15.0.27130.2010
MinimumVisualStudioVersion = 15.0.26124.0
Project("{9A19103F-16F7-4668-BE54-9A1E7A4F7556}") = "AspNetCore.Localization", "AspNetCore.Localization.csproj", "{F2EFC8D6-5E1D-4CC0-8D0C-CAB8820B4907}"
EndProject
Global
	GlobalSection(SolutionConfigurationPlatforms) = preSolution
		Debug|Any CPU = Debug|Any CPU
		Release|Any CPU = Release|Any CPU
	EndGlobalSection
	GlobalSection(ProjectConfigurationPlatforms) = postSolution
		{F2EFC8D6-5E1D-4CC0-8D0C-CAB8820B4907}.Debug|Any CPU.ActiveCfg = Debug|Any CPU
		{F2EFC8D6-5E1D-4CC0-8D0C-CAB8820B4907}.Debug|Any CPU.Build.0 = Debug|Any CPU
		{F2EFC8D6-5E1D-4CC0-8D0C-CAB8820B4907}.Release|Any CPU.ActiveCfg = Release|Any CPU
		{F2EFC8D6-5E1D-4CC0-8D0C-CAB8820B4907}.Release|Any CPU.Build.0 = Release|Any CPU
	EndGlobalSection
	GlobalSection(SolutionProperties) = preSolution
		HideSolutionNode = FALSE
	EndGlobalSection
	GlobalSection(ExtensibilityGlobals) = postSolution
		SolutionGuid = {6586FD24-E961-440E-93F9-3201C3CFA306}
	EndGlobalSection
EndGlobal
