Microsoft Visual Studio Solution File, Format Version 12.00
# Visual Studio 15
VisualStudioVersion = 15.0.26711.1
MinimumVisualStudioVersion = 15.0.26124.0
Project("{2150E333-8FDC-42A3-9474-1A3956D46DE8}") = "src", "src", "{F9FB3B3A-DEAC-4669-B3FC-8CAD21B2F4EB}"
EndProject
Project("{9A19103F-16F7-4668-BE54-9A1E7A4F7556}") = "DependencyInjection", "src\DependencyInjection\DependencyInjection.csproj", "{42CB8118-F199-4595-8B01-F8CD3E6B9A1F}"
EndProject
Global
	GlobalSection(SolutionConfigurationPlatforms) = preSolution
		Debug|Any CPU = Debug|Any CPU
		Debug|x64 = Debug|x64
		Debug|x86 = Debug|x86
		Release|Any CPU = Release|Any CPU
		Release|x64 = Release|x64
		Release|x86 = Release|x86
	EndGlobalSection
	GlobalSection(ProjectConfigurationPlatforms) = postSolution
		{42CB8118-F199-4595-8B01-F8CD3E6B9A1F}.Debug|Any CPU.ActiveCfg = Debug|Any CPU
		{42CB8118-F199-4595-8B01-F8CD3E6B9A1F}.Debug|Any CPU.Build.0 = Debug|Any CPU
		{42CB8118-F199-4595-8B01-F8CD3E6B9A1F}.Debug|x64.ActiveCfg = Debug|Any CPU
		{42CB8118-F199-4595-8B01-F8CD3E6B9A1F}.Debug|x64.Build.0 = Debug|Any CPU
		{42CB8118-F199-4595-8B01-F8CD3E6B9A1F}.Debug|x86.ActiveCfg = Debug|Any CPU
		{42CB8118-F199-4595-8B01-F8CD3E6B9A1F}.Debug|x86.Build.0 = Debug|Any CPU
		{42CB8118-F199-4595-8B01-F8CD3E6B9A1F}.Release|Any CPU.ActiveCfg = Release|Any CPU
		{42CB8118-F199-4595-8B01-F8CD3E6B9A1F}.Release|Any CPU.Build.0 = Release|Any CPU
		{42CB8118-F199-4595-8B01-F8CD3E6B9A1F}.Release|x64.ActiveCfg = Release|Any CPU
		{42CB8118-F199-4595-8B01-F8CD3E6B9A1F}.Release|x64.Build.0 = Release|Any CPU
		{42CB8118-F199-4595-8B01-F8CD3E6B9A1F}.Release|x86.ActiveCfg = Release|Any CPU
		{42CB8118-F199-4595-8B01-F8CD3E6B9A1F}.Release|x86.Build.0 = Release|Any CPU
	EndGlobalSection
	GlobalSection(SolutionProperties) = preSolution
		HideSolutionNode = FALSE
	EndGlobalSection
	GlobalSection(NestedProjects) = preSolution
		{42CB8118-F199-4595-8B01-F8CD3E6B9A1F} = {F9FB3B3A-DEAC-4669-B3FC-8CAD21B2F4EB}
	EndGlobalSection
	GlobalSection(ExtensibilityGlobals) = postSolution
		SolutionGuid = {6DFC37BC-3AB0-4EE2-8850-D3A283E89435}
	EndGlobalSection
EndGlobal
